
Microsoft Visual Studio Solution File, Format Version 12.00
# Visual Studio 15
VisualStudioVersion = 15.0.28307.572
MinimumVisualStudioVersion = 10.0.40219.1
Project("{FAE04EC0-301F-11D3-BF4B-00C04F79EFBC}") = "PageObjectModelFramework", "PageObjectModelFramework\PageObjectModelFramework.csproj", "{E3DC56C7-A5EF-4AB2-9BA0-AAAB48AEFD84}"
EndProject
Global
	GlobalSection(SolutionConfigurationPlatforms) = preSolution
		Debug|Any CPU = Debug|Any CPU
		Release|Any CPU = Release|Any CPU
	EndGlobalSection
	GlobalSection(ProjectConfigurationPlatforms) = postSolution
		{E3DC56C7-A5EF-4AB2-9BA0-AAAB48AEFD84}.Debug|Any CPU.ActiveCfg = Debug|Any CPU
		{E3DC56C7-A5EF-4AB2-9BA0-AAAB48AEFD84}.Debug|Any CPU.Build.0 = Debug|Any CPU
		{E3DC56C7-A5EF-4AB2-9BA0-AAAB48AEFD84}.Release|Any CPU.ActiveCfg = Release|Any CPU
		{E3DC56C7-A5EF-4AB2-9BA0-AAAB48AEFD84}.Release|Any CPU.Build.0 = Release|Any CPU
	EndGlobalSection
	GlobalSection(SolutionProperties) = preSolution
		HideSolutionNode = FALSE
	EndGlobalSection
	GlobalSection(ExtensibilityGlobals) = postSolution
		SolutionGuid = {24F2450A-66D3-4AD1-ABBD-91439C6096EB}
	EndGlobalSection
EndGlobal
